{
    "name": "webgpu-gltf-case-study",
    "version": "0.0.1",
    "lockfileVersion": 2,
    "requires": true,
    "packages": {
        "": {
            "name": "webgpu-gltf-case-study",
            "version": "0.0.1",
            "license": "MIT",
            "dependencies": {
                "gl-matrix": "^3.4.3",
                "web-texture-tool": "github:toji/web-texture-tool"
            }
        },
        "node_modules/gl-matrix": {
            "version": "3.4.3",
            "resolved": "https://registry.npmjs.org/gl-matrix/-/gl-matrix-3.4.3.tgz",
            "integrity": "sha512-wcCp8vu8FT22BnvKVPjXa/ICBWRq/zjFfdofZy1WSpQZpphblv12/bOQLBC1rMM7SGOFS9ltVmKOHil5+Ml7gA=="
        },
        "node_modules/web-texture-tool": {
            "version": "0.0.1",
            "resolved": "git+ssh://git@github.com/toji/web-texture-tool.git#55aaa69e2becba14f31fa73b0c0134df846d45fe",
            "license": "MIT"
        }
    },
    "dependencies": {
        "gl-matrix": {
            "version": "3.4.3",
            "resolved": "https://registry.npmjs.org/gl-matrix/-/gl-matrix-3.4.3.tgz",
            "integrity": "sha512-wcCp8vu8FT22BnvKVPjXa/ICBWRq/zjFfdofZy1WSpQZpphblv12/bOQLBC1rMM7SGOFS9ltVmKOHil5+Ml7gA=="
        },
        "web-texture-tool": {
            "version": "git+ssh://git@github.com/toji/web-texture-tool.git#55aaa69e2becba14f31fa73b0c0134df846d45fe",
            "from": "web-texture-tool@github:toji/web-texture-tool"
        }
    }
}
